// !$*UTF8*$!
{
	archiveVersion = 1;
	classes = {
	};
	objectVersion = 46;
	objects = {

/* Begin PBXBuildFile section */
		3D3A004B18B9C5D200123464 /* Foundation.framework in Frameworks */ = {isa = PBXBuildFile; fileRef = 3D3A004A18B9C5D200123464 /* Foundation.framework */; };
		3D3A004D18B9C5D200123464 /* CoreGraphics.framework in Frameworks */ = {isa = PBXBuildFile; fileRef = 3D3A004C18B9C5D200123464 /* CoreGraphics.framework */; };
		3D3A004F18B9C5D200123464 /* UIKit.framework in Frameworks */ = {isa = PBXBuildFile; fileRef = 3D3A004E18B9C5D200123464 /* UIKit.framework */; };
		3D3A005518B9C5D200123464 /* InfoPlist.strings in Resources */ = {isa = PBXBuildFile; fileRef = 3D3A005318B9C5D200123464 /* InfoPlist.strings */; };
		3D3A005718B9C5D200123464 /* main.m in Sources */ = {isa = PBXBuildFile; fileRef = 3D3A005618B9C5D200123464 /* main.m */; };
		3D3A005B18B9C5D200123464 /* sToDoAppDelegate.m in Sources */ = {isa = PBXBuildFile; fileRef = 3D3A005A18B9C5D200123464 /* sToDoAppDelegate.m */; };
		3D3A005D18B9C5D200123464 /* Images.xcassets in Resources */ = {isa = PBXBuildFile; fileRef = 3D3A005C18B9C5D200123464 /* Images.xcassets */; };
		3D3A006418B9C5D200123464 /* XCTest.framework in Frameworks */ = {isa = PBXBuildFile; fileRef = 3D3A006318B9C5D200123464 /* XCTest.framework */; };
		3D3A006518B9C5D200123464 /* Foundation.framework in Frameworks */ = {isa = PBXBuildFile; fileRef = 3D3A004A18B9C5D200123464 /* Foundation.framework */; };
		3D3A006618B9C5D200123464 /* UIKit.framework in Frameworks */ = {isa = PBXBuildFile; fileRef = 3D3A004E18B9C5D200123464 /* UIKit.framework */; };
		3D3A006E18B9C5D200123464 /* InfoPlist.strings in Resources */ = {isa = PBXBuildFile; fileRef = 3D3A006C18B9C5D200123464 /* InfoPlist.strings */; };
		3D3A007018B9C5D200123464 /* ToDoListTests.m in Sources */ = {isa = PBXBuildFile; fileRef = 3D3A006F18B9C5D200123464 /* ToDoListTests.m */; };
		3D3A007A18B9C8C500123464 /* main.storyboard in Resources */ = {isa = PBXBuildFile; fileRef = 3D3A007918B9C8C500123464 /* main.storyboard */; };
		3D8FC1C518BC6B2C0083217C /* sToDoAddToDoItemViewController.m in Sources */ = {isa = PBXBuildFile; fileRef = 3D8FC1C418BC6B2C0083217C /* sToDoAddToDoItemViewController.m */; };
		3D8FC1C818BC6BF90083217C /* sToDoListViewController.m in Sources */ = {isa = PBXBuildFile; fileRef = 3D8FC1C718BC6BF90083217C /* sToDoListViewController.m */; };
		E9FB058618C2589800679E4F /* sToDoItem.m in Sources */ = {isa = PBXBuildFile; fileRef = E9FB058518C2589800679E4F /* sToDoItem.m */; };
/* End PBXBuildFile section */

/* Begin PBXContainerItemProxy section */
		3D3A006718B9C5D200123464 /* PBXContainerItemProxy */ = {
			isa = PBXContainerItemProxy;
			containerPortal = 3D3A003F18B9C5D200123464 /* Project object */;
			proxyType = 1;
			remoteGlobalIDString = 3D3A004618B9C5D200123464;
			remoteInfo = ToDoList;
		};
/* End PBXContainerItemProxy section */

/* Begin PBXFileReference section */
		3D3A004718B9C5D200123464 /* ToDoList.app */ = {isa = PBXFileReference; explicitFileType = wrapper.application; includeInIndex = 0; path = ToDoList.app; sourceTree = BUILT_PRODUCTS_DIR; };
		3D3A004A18B9C5D200123464 /* Foundation.framework */ = {isa = PBXFileReference; lastKnownFileType = wrapper.framework; name = Foundation.framework; path = System/Library/Frameworks/Foundation.framework; sourceTree = SDKROOT; };
		3D3A004C18B9C5D200123464 /* CoreGraphics.framework */ = {isa = PBXFileReference; lastKnownFileType = wrapper.framework; name = CoreGraphics.framework; path = System/Library/Frameworks/CoreGraphics.framework; sourceTree = SDKROOT; };
		3D3A004E18B9C5D200123464 /* UIKit.framework */ = {isa = PBXFileReference; lastKnownFileType = wrapper.framework; name = UIKit.framework; path = System/Library/Frameworks/UIKit.framework; sourceTree = SDKROOT; };
		3D3A005218B9C5D200123464 /* ToDoList-Info.plist */ = {isa = PBXFileReference; lastKnownFileType = text.plist.xml; path = "ToDoList-Info.plist"; sourceTree = "<group>"; };
		3D3A005418B9C5D200123464 /* en */ = {isa = PBXFileReference; lastKnownFileType = text.plist.strings; name = en; path = en.lproj/InfoPlist.strings; sourceTree = "<group>"; };
		3D3A005618B9C5D200123464 /* main.m */ = {isa = PBXFileReference; lastKnownFileType = sourcecode.c.objc; path = main.m; sourceTree = "<group>"; };
		3D3A005818B9C5D200123464 /* ToDoList-Prefix.pch */ = {isa = PBXFileReference; lastKnownFileType = sourcecode.c.h; path = "ToDoList-Prefix.pch"; sourceTree = "<group>"; };
		3D3A005918B9C5D200123464 /* sToDoAppDelegate.h */ = {isa = PBXFileReference; lastKnownFileType = sourcecode.c.h; path = sToDoAppDelegate.h; sourceTree = "<group>"; };
		3D3A005A18B9C5D200123464 /* sToDoAppDelegate.m */ = {isa = PBXFileReference; lastKnownFileType = sourcecode.c.objc; path = sToDoAppDelegate.m; sourceTree = "<group>"; };
		3D3A005C18B9C5D200123464 /* Images.xcassets */ = {isa = PBXFileReference; lastKnownFileType = folder.assetcatalog; path = Images.xcassets; sourceTree = "<group>"; };
		3D3A006218B9C5D200123464 /* ToDoListTests.xctest */ = {isa = PBXFileReference; explicitFileType = wrapper.cfbundle; includeInIndex = 0; path = ToDoListTests.xctest; sourceTree = BUILT_PRODUCTS_DIR; };
		3D3A006318B9C5D200123464 /* XCTest.framework */ = {isa = PBXFileReference; lastKnownFileType = wrapper.framework; name = XCTest.framework; path = Library/Frameworks/XCTest.framework; sourceTree = DEVELOPER_DIR; };
		3D3A006B18B9C5D200123464 /* ToDoListTests-Info.plist */ = {isa = PBXFileReference; lastKnownFileType = text.plist.xml; path = "ToDoListTests-Info.plist"; sourceTree = "<group>"; };
		3D3A006D18B9C5D200123464 /* en */ = {isa = PBXFileReference; lastKnownFileType = text.plist.strings; name = en; path = en.lproj/InfoPlist.strings; sourceTree = "<group>"; };
		3D3A006F18B9C5D200123464 /* ToDoListTests.m */ = {isa = PBXFileReference; lastKnownFileType = sourcecode.c.objc; path = ToDoListTests.m; sourceTree = "<group>"; };
		3D3A007918B9C8C500123464 /* main.storyboard */ = {isa = PBXFileReference; fileEncoding = 4; lastKnownFileType = file.storyboard; path = main.storyboard; sourceTree = "<group>"; };
		3D8FC1C318BC6B2C0083217C /* sToDoAddToDoItemViewController.h */ = {isa = PBXFileReference; fileEncoding = 4; lastKnownFileType = sourcecode.c.h; path = sToDoAddToDoItemViewController.h; sourceTree = "<group>"; };
		3D8FC1C418BC6B2C0083217C /* sToDoAddToDoItemViewController.m */ = {isa = PBXFileReference; fileEncoding = 4; lastKnownFileType = sourcecode.c.objc; path = sToDoAddToDoItemViewController.m; sourceTree = "<group>"; };
		3D8FC1C618BC6BF90083217C /* sToDoListViewController.h */ = {isa = PBXFileReference; fileEncoding = 4; lastKnownFileType = sourcecode.c.h; path = sToDoListViewController.h; sourceTree = "<group>"; };
		3D8FC1C718BC6BF90083217C /* sToDoListViewController.m */ = {isa = PBXFileReference; fileEncoding = 4; lastKnownFileType = sourcecode.c.objc; path = sToDoListViewController.m; sourceTree = "<group>"; };
		E9FB058418C2589800679E4F /* sToDoItem.h */ = {isa = PBXFileReference; fileEncoding = 4; lastKnownFileType = sourcecode.c.h; name = sToDoItem.h; path = ../sToDoItem.h; sourceTree = "<group>"; };
		E9FB058518C2589800679E4F /* sToDoItem.m */ = {isa = PBXFileReference; fileEncoding = 4; lastKnownFileType = sourcecode.c.objc; name = sToDoItem.m; path = ../sToDoItem.m; sourceTree = "<group>"; };
/* End PBXFileReference section */

/* Begin PBXFrameworksBuildPhase section */
		3D3A004418B9C5D200123464 /* Frameworks */ = {
			isa = PBXFrameworksBuildPhase;
			buildActionMask = 2147483647;
			files = (
				3D3A004D18B9C5D200123464 /* CoreGraphics.framework in Frameworks */,
				3D3A004F18B9C5D200123464 /* UIKit.framework in Frameworks */,
				3D3A004B18B9C5D200123464 /* Foundation.framework in Frameworks */,
			);
			runOnlyForDeploymentPostprocessing = 0;
		};
		3D3A005F18B9C5D200123464 /* Frameworks */ = {
			isa = PBXFrameworksBuildPhase;
			buildActionMask = 2147483647;
			files = (
				3D3A006418B9C5D200123464 /* XCTest.framework in Frameworks */,
				3D3A006618B9C5D200123464 /* UIKit.framework in Frameworks */,
				3D3A006518B9C5D200123464 /* Foundation.framework in Frameworks */,
			);
			runOnlyForDeploymentPostprocessing = 0;
		};
/* End PBXFrameworksBuildPhase section */

/* Begin PBXGroup section */
		3D3A003E18B9C5D200123464 = {
			isa = PBXGroup;
			children = (
				3D3A005018B9C5D200123464 /* ToDoList */,
				3D3A006918B9C5D200123464 /* ToDoListTests */,
				3D3A004918B9C5D200123464 /* Frameworks */,
				3D3A004818B9C5D200123464 /* Products */,
			);
			sourceTree = "<group>";
		};
		3D3A004818B9C5D200123464 /* Products */ = {
			isa = PBXGroup;
			children = (
				3D3A004718B9C5D200123464 /* ToDoList.app */,
				3D3A006218B9C5D200123464 /* ToDoListTests.xctest */,
			);
			name = Products;
			sourceTree = "<group>";
		};
		3D3A004918B9C5D200123464 /* Frameworks */ = {
			isa = PBXGroup;
			children = (
				3D3A004A18B9C5D200123464 /* Foundation.framework */,
				3D3A004C18B9C5D200123464 /* CoreGraphics.framework */,
				3D3A004E18B9C5D200123464 /* UIKit.framework */,
				3D3A006318B9C5D200123464 /* XCTest.framework */,
			);
			name = Frameworks;
			sourceTree = "<group>";
		};
		3D3A005018B9C5D200123464 /* ToDoList */ = {
			isa = PBXGroup;
			children = (
				E9FB058418C2589800679E4F /* sToDoItem.h */,
				E9FB058518C2589800679E4F /* sToDoItem.m */,
				3D3A005918B9C5D200123464 /* sToDoAppDelegate.h */,
				3D3A005A18B9C5D200123464 /* sToDoAppDelegate.m */,
				3D3A007918B9C8C500123464 /* main.storyboard */,
				3D8FC1C618BC6BF90083217C /* sToDoListViewController.h */,
				3D8FC1C718BC6BF90083217C /* sToDoListViewController.m */,
				3D8FC1C318BC6B2C0083217C /* sToDoAddToDoItemViewController.h */,
				3D8FC1C418BC6B2C0083217C /* sToDoAddToDoItemViewController.m */,
				3D3A005C18B9C5D200123464 /* Images.xcassets */,
				3D3A005118B9C5D200123464 /* Supporting Files */,
			);
			path = ToDoList;
			sourceTree = "<group>";
		};
		3D3A005118B9C5D200123464 /* Supporting Files */ = {
			isa = PBXGroup;
			children = (
				3D3A005218B9C5D200123464 /* ToDoList-Info.plist */,
				3D3A005318B9C5D200123464 /* InfoPlist.strings */,
				3D3A005618B9C5D200123464 /* main.m */,
				3D3A005818B9C5D200123464 /* ToDoList-Prefix.pch */,
			);
			name = "Supporting Files";
			sourceTree = "<group>";
		};
		3D3A006918B9C5D200123464 /* ToDoListTests */ = {
			isa = PBXGroup;
			children = (
				3D3A006F18B9C5D200123464 /* ToDoListTests.m */,
				3D3A006A18B9C5D200123464 /* Supporting Files */,
			);
			path = ToDoListTests;
			sourceTree = "<group>";
		};
		3D3A006A18B9C5D200123464 /* Supporting Files */ = {
			isa = PBXGroup;
			children = (
				3D3A006B18B9C5D200123464 /* ToDoListTests-Info.plist */,
				3D3A006C18B9C5D200123464 /* InfoPlist.strings */,
			);
			name = "Supporting Files";
			sourceTree = "<group>";
		};
/* End PBXGroup section */

/* Begin PBXNativeTarget section */
		3D3A004618B9C5D200123464 /* ToDoList */ = {
			isa = PBXNativeTarget;
			buildConfigurationList = 3D3A007318B9C5D200123464 /* Build configuration list for PBXNativeTarget "ToDoList" */;
			buildPhases = (
				3D3A004318B9C5D200123464 /* Sources */,
				3D3A004418B9C5D200123464 /* Frameworks */,
				3D3A004518B9C5D200123464 /* Resources */,
			);
			buildRules = (
			);
			dependencies = (
			);
			name = ToDoList;
			productName = ToDoList;
			productReference = 3D3A004718B9C5D200123464 /* ToDoList.app */;
			productType = "com.apple.product-type.application";
		};
		3D3A006118B9C5D200123464 /* ToDoListTests */ = {
			isa = PBXNativeTarget;
			buildConfigurationList = 3D3A007618B9C5D200123464 /* Build configuration list for PBXNativeTarget "ToDoListTests" */;
			buildPhases = (
				3D3A005E18B9C5D200123464 /* Sources */,
				3D3A005F18B9C5D200123464 /* Frameworks */,
				3D3A006018B9C5D200123464 /* Resources */,
			);
			buildRules = (
			);
			dependencies = (
				3D3A006818B9C5D200123464 /* PBXTargetDependency */,
			);
			name = ToDoListTests;
			productName = ToDoListTests;
			productReference = 3D3A006218B9C5D200123464 /* ToDoListTests.xctest */;
			productType = "com.apple.product-type.bundle.unit-test";
		};
/* End PBXNativeTarget section */

/* Begin PBXProject section */
		3D3A003F18B9C5D200123464 /* Project object */ = {
			isa = PBXProject;
			attributes = {
				CLASSPREFIX = sToDo;
				LastUpgradeCheck = 0500;
				ORGANIZATIONNAME = "Selland, Ben";
				TargetAttributes = {
					3D3A006118B9C5D200123464 = {
						TestTargetID = 3D3A004618B9C5D200123464;
					};
				};
			};
			buildConfigurationList = 3D3A004218B9C5D200123464 /* Build configuration list for PBXProject "ToDoList" */;
			compatibilityVersion = "Xcode 3.2";
			developmentRegion = English;
			hasScannedForEncodings = 0;
			knownRegions = (
				en,
			);
			mainGroup = 3D3A003E18B9C5D200123464;
			productRefGroup = 3D3A004818B9C5D200123464 /* Products */;
			projectDirPath = "";
			projectRoot = "";
			targets = (
				3D3A004618B9C5D200123464 /* ToDoList */,
				3D3A006118B9C5D200123464 /* ToDoListTests */,
			);
		};
/* End PBXProject section */

/* Begin PBXResourcesBuildPhase section */
		3D3A004518B9C5D200123464 /* Resources */ = {
			isa = PBXResourcesBuildPhase;
			buildActionMask = 2147483647;
			files = (
				3D3A005518B9C5D200123464 /* InfoPlist.strings in Resources */,
				3D3A007A18B9C8C500123464 /* main.storyboard in Resources */,
				3D3A005D18B9C5D200123464 /* Images.xcassets in Resources */,
			);
			runOnlyForDeploymentPostprocessing = 0;
		};
		3D3A006018B9C5D200123464 /* Resources */ = {
			isa = PBXResourcesBuildPhase;
			buildActionMask = 2147483647;
			files = (
				3D3A006E18B9C5D200123464 /* InfoPlist.strings in Resources */,
			);
			runOnlyForDeploymentPostprocessing = 0;
		};
/* End PBXResourcesBuildPhase section */

/* Begin PBXSourcesBuildPhase section */
		3D3A004318B9C5D200123464 /* Sources */ = {
			isa = PBXSourcesBuildPhase;
			buildActionMask = 2147483647;
			files = (
				3D8FC1C818BC6BF90083217C /* sToDoListViewController.m in Sources */,
				3D8FC1C518BC6B2C0083217C /* sToDoAddToDoItemViewController.m in Sources */,
				3D3A005B18B9C5D200123464 /* sToDoAppDelegate.m in Sources */,
				E9FB058618C2589800679E4F /* sToDoItem.m in Sources */,
				3D3A005718B9C5D200123464 /* main.m in Sources */,
			);
			runOnlyForDeploymentPostprocessing = 0;
		};
		3D3A005E18B9C5D200123464 /* Sources */ = {
			isa = PBXSourcesBuildPhase;
			buildActionMask = 2147483647;
			files = (
				3D3A007018B9C5D200123464 /* ToDoListTests.m in Sources */,
			);
			runOnlyForDeploymentPostprocessing = 0;
		};
/* End PBXSourcesBuildPhase section */

/* Begin PBXTargetDependency section */
		3D3A006818B9C5D200123464 /* PBXTargetDependency */ = {
			isa = PBXTargetDependency;
			target = 3D3A004618B9C5D200123464 /* ToDoList */;
			targetProxy = 3D3A006718B9C5D200123464 /* PBXContainerItemProxy */;
		};
/* End PBXTargetDependency section */

/* Begin PBXVariantGroup section */
		3D3A005318B9C5D200123464 /* InfoPlist.strings */ = {
			isa = PBXVariantGroup;
			children = (
				3D3A005418B9C5D200123464 /* en */,
			);
			name = InfoPlist.strings;
			sourceTree = "<group>";
		};
		3D3A006C18B9C5D200123464 /* InfoPlist.strings */ = {
			isa = PBXVariantGroup;
			children = (
				3D3A006D18B9C5D200123464 /* en */,
			);
			name = InfoPlist.strings;
			sourceTree = "<group>";
		};
/* End PBXVariantGroup section */

/* Begin XCBuildConfiguration section */
		3D3A007118B9C5D200123464 /* Debug */ = {
			isa = XCBuildConfiguration;
			buildSettings = {
				ALWAYS_SEARCH_USER_PATHS = NO;
				ARCHS = "$(ARCHS_STANDARD_INCLUDING_64_BIT)";
				CLANG_CXX_LANGUAGE_STANDARD = "gnu++0x";
				CLANG_CXX_LIBRARY = "libc++";
				CLANG_ENABLE_MODULES = YES;
				CLANG_ENABLE_OBJC_ARC = YES;
				CLANG_WARN_BOOL_CONVERSION = YES;
				CLANG_WARN_CONSTANT_CONVERSION = YES;
				CLANG_WARN_DIRECT_OBJC_ISA_USAGE = YES_ERROR;
				CLANG_WARN_EMPTY_BODY = YES;
				CLANG_WARN_ENUM_CONVERSION = YES;
				CLANG_WARN_INT_CONVERSION = YES;
				CLANG_WARN_OBJC_ROOT_CLASS = YES_ERROR;
				CLANG_WARN__DUPLICATE_METHOD_MATCH = YES;
				"CODE_SIGN_IDENTITY[sdk=iphoneos*]" = "iPhone Developer";
				COPY_PHASE_STRIP = NO;
				GCC_C_LANGUAGE_STANDARD = gnu99;
				GCC_DYNAMIC_NO_PIC = NO;
				GCC_OPTIMIZATION_LEVEL = 0;
				GCC_PREPROCESSOR_DEFINITIONS = (
					"DEBUG=1",
					"$(inherited)",
				);
				GCC_SYMBOLS_PRIVATE_EXTERN = NO;
				GCC_WARN_64_TO_32_BIT_CONVERSION = YES;
				GCC_WARN_ABOUT_RETURN_TYPE = YES_ERROR;
				GCC_WARN_UNDECLARED_SELECTOR = YES;
				GCC_WARN_UNINITIALIZED_AUTOS = YES;
				GCC_WARN_UNUSED_FUNCTION = YES;
				GCC_WARN_UNUSED_VARIABLE = YES;
				IPHONEOS_DEPLOYMENT_TARGET = 7.0;
				ONLY_ACTIVE_ARCH = YES;
				SDKROOT = iphoneos;
			};
			name = Debug;
		};
		3D3A007218B9C5D200123464 /* Release */ = {
			isa = XCBuildConfiguration;
			buildSettings = {
				ALWAYS_SEARCH_USER_PATHS = NO;
				ARCHS = "$(ARCHS_STANDARD_INCLUDING_64_BIT)";
				CLANG_CXX_LANGUAGE_STANDARD = "gnu++0x";
				CLANG_CXX_LIBRARY = "libc++";
				CLANG_ENABLE_MODULES = YES;
				CLANG_ENABLE_OBJC_ARC = YES;
				CLANG_WARN_BOOL_CONVERSION = YES;
				CLANG_WARN_CONSTANT_CONVERSION = YES;
				CLANG_WARN_DIRECT_OBJC_ISA_USAGE = YES_ERROR;
				CLANG_WARN_EMPTY_BODY = YES;
				CLANG_WARN_ENUM_CONVERSION = YES;
				CLANG_WARN_INT_CONVERSION = YES;
				CLANG_WARN_OBJC_ROOT_CLASS = YES_ERROR;
				CLANG_WARN__DUPLICATE_METHOD_MATCH = YES;
				"CODE_SIGN_IDENTITY[sdk=iphoneos*]" = "iPhone Developer";
				COPY_PHASE_STRIP = YES;
				ENABLE_NS_ASSERTIONS = NO;
				GCC_C_LANGUAGE_STANDARD = gnu99;
				GCC_WARN_64_TO_32_BIT_CONVERSION = YES;
				GCC_WARN_ABOUT_RETURN_TYPE = YES_ERROR;
				GCC_WARN_UNDECLARED_SELECTOR = YES;
				GCC_WARN_UNINITIALIZED_AUTOS = YES;
				GCC_WARN_UNUSED_FUNCTION = YES;
				GCC_WARN_UNUSED_VARIABLE = YES;
				IPHONEOS_DEPLOYMENT_TARGET = 7.0;
				SDKROOT = iphoneos;
				VALIDATE_PRODUCT = YES;
			};
			name = Release;
		};
		3D3A007418B9C5D200123464 /* Debug */ = {
			isa = XCBuildConfiguration;
			buildSettings = {
				ASSETCATALOG_COMPILER_APPICON_NAME = AppIcon;
				ASSETCATALOG_COMPILER_LAUNCHIMAGE_NAME = LaunchImage;
				GCC_PRECOMPILE_PREFIX_HEADER = YES;
				GCC_PREFIX_HEADER = "ToDoList/ToDoList-Prefix.pch";
				INFOPLIST_FILE = "ToDoList/ToDoList-Info.plist";
				PRODUCT_NAME = "$(TARGET_NAME)";
				WRAPPER_EXTENSION = app;
			};
			name = Debug;
		};
		3D3A007518B9C5D200123464 /* Release */ = {
			isa = XCBuildConfiguration;
			buildSettings = {
				ASSETCATALOG_COMPILER_APPICON_NAME = AppIcon;
				ASSETCATALOG_COMPILER_LAUNCHIMAGE_NAME = LaunchImage;
				GCC_PRECOMPILE_PREFIX_HEADER = YES;
				GCC_PREFIX_HEADER = "ToDoList/ToDoList-Prefix.pch";
				INFOPLIST_FILE = "ToDoList/ToDoList-Info.plist";
				PRODUCT_NAME = "$(TARGET_NAME)";
				WRAPPER_EXTENSION = app;
			};
			name = Release;
		};
		3D3A007718B9C5D200123464 /* Debug */ = {
			isa = XCBuildConfiguration;
			buildSettings = {
				ARCHS = "$(ARCHS_STANDARD_INCLUDING_64_BIT)";
				BUNDLE_LOADER = "$(BUILT_PRODUCTS_DIR)/ToDoList.app/ToDoList";
				FRAMEWORK_SEARCH_PATHS = (
					"$(SDKROOT)/Developer/Library/Frameworks",
					"$(inherited)",
					"$(DEVELOPER_FRAMEWORKS_DIR)",
				);
				GCC_PRECOMPILE_PREFIX_HEADER = YES;
				GCC_PREFIX_HEADER = "ToDoList/ToDoList-Prefix.pch";
				GCC_PREPROCESSOR_DEFINITIONS = (
					"DEBUG=1",
					"$(inherited)",
				);
				INFOPLIST_FILE = "ToDoListTests/ToDoListTests-Info.plist";
				PRODUCT_NAME = "$(TARGET_NAME)";
				TEST_HOST = "$(BUNDLE_LOADER)";
				WRAPPER_EXTENSION = xctest;
			};
			name = Debug;
		};
		3D3A007818B9C5D200123464 /* Release */ = {
			isa = XCBuildConfiguration;
			buildSettings = {
				ARCHS = "$(ARCHS_STANDARD_INCLUDING_64_BIT)";
				BUNDLE_LOADER = "$(BUILT_PRODUCTS_DIR)/ToDoList.app/ToDoList";
				FRAMEWORK_SEARCH_PATHS = (
					"$(SDKROOT)/Developer/Library/Frameworks",
					"$(inherited)",
					"$(DEVELOPER_FRAMEWORKS_DIR)",
				);
				GCC_PRECOMPILE_PREFIX_HEADER = YES;
				GCC_PREFIX_HEADER = "ToDoList/ToDoList-Prefix.pch";
				INFOPLIST_FILE = "ToDoListTests/ToDoListTests-Info.plist";
				PRODUCT_NAME = "$(TARGET_NAME)";
				TEST_HOST = "$(BUNDLE_LOADER)";
				WRAPPER_EXTENSION = xctest;
			};
			name = Release;
		};
/* End XCBuildConfiguration section */

/* Begin XCConfigurationList section */
		3D3A004218B9C5D200123464 /* Build configuration list for PBXProject "ToDoList" */ = {
			isa = XCConfigurationList;
			buildConfigurations = (
				3D3A007118B9C5D200123464 /* Debug */,
				3D3A007218B9C5D200123464 /* Release */,
			);
			defaultConfigurationIsVisible = 0;
			defaultConfigurationName = Release;
		};
		3D3A007318B9C5D200123464 /* Build configuration list for PBXNativeTarget "ToDoList" */ = {
			isa = XCConfigurationList;
			buildConfigurations = (
				3D3A007418B9C5D200123464 /* Debug */,
				3D3A007518B9C5D200123464 /* Release */,
			);
			defaultConfigurationIsVisible = 0;
			defaultConfigurationName = Release;
		};
		3D3A007618B9C5D200123464 /* Build configuration list for PBXNativeTarget "ToDoListTests" */ = {
			isa = XCConfigurationList;
			buildConfigurations = (
				3D3A007718B9C5D200123464 /* Debug */,
				3D3A007818B9C5D200123464 /* Release */,
			);
			defaultConfigurationIsVisible = 0;
			defaultConfigurationName = Release;
		};
/* End XCConfigurationList section */
	};
	rootObject = 3D3A003F18B9C5D200123464 /* Project object */;
}
